github.com/ProjectZKM/Ziren/crates/go-runtime/zkvm_runtime v0.0.0-20260215031811-a0ab0b218a81 h1:TBzelXBdnzDy+HCrBMcomEnhrmigkWOI1/mIPCi2u4M=
github.com/ProjectZKM/Ziren/crates/go-runtime/zkvm_runtime v0.0.0-20260215031811-a0ab0b218a81/go.mod h1:ioLG6R+5bUSO1oeGSDxOV3FADARuMoytZCSX6MEMQkI=
github.com/cloudflare/circl v1.6.3 h1:9GPOhQGF9MCYUeXyMYlqTR6a5gTrgR/fBLXvUgtVcg8=
github.com/cloudflare/circl v1.6.3/go.mod h1:2eXP6Qfat4O/Yhh8BznvKnJ+uzEoTQ6jVKJRn81BiS4=
github.com/decred/dcrd/dcrec/secp256k1/v4 v4.4.0 h1:NMZiJj8QnKe1LgsbDayM4UoHwbvwDRwnI3hwNaAHRnc=
github.com/decred/dcrd/dcrec/secp256k1/v4 v4.4.0/go.mod h1:ZXNYxsqcloTdSy/rNShjYzMhyjf0LaoftYK0p+A3h40=
github.com/luxfi/accel v1.0.7 h1:ksHieAp50umwqxqgyHk9WiOmXM54kia3IEDb5H7FsM8=
github.com/luxfi/accel v1.0.7/go.mod h1:iZD3oxffiMEIT/KvzD8bgwC/cBn4AYlMW3QJpbRa4RE=
github.com/luxfi/cache v1.1.0 h1:6LUyGGZ+rrMAJBbAU6+UwkcamXj3zsboRUodIof2Ong=
github.com/luxfi/cache v1.1.0/go.mod h1:9GvlEEE9rFPaaWxvVpSPwW8ZMo2+8VMNNcuPa4AwzPg=
github.com/luxfi/crypto v1.19.0 h1:VtH6kvZrCEjCnkHPkhExDU+GJ0ZulYX4rnA+lXJdJHw=
github.com/luxfi/crypto v1.19.0/go.mod h1:ee525i8Recbpb0jVTDZYZBr1MmvJ27OITJHZ/nlNMBw=
github.com/luxfi/czmq/v4 v4.2.2/go.mod h1:WFY9ldUbeU900P8bcIRr7Jim23veOhJL5A5zSpTogdU=
github.com/luxfi/ids v1.2.9 h1:+yjdhXW99drnd2Zlp1u/p8k3G23W3/1btJQ4ogHawUI=
github.com/luxfi/ids v1.2.9/go.mod h1:khJOEdOPxd22yn0jcVrnbX1ADa0GHn5Y74gvCzN5BYc=
github.com/luxfi/mock v0.1.0 h1:IwElfNu+T9sXvzFX6tudPDx1vqPuACRSRdxpD5lxW+o=
github.com/luxfi/mock v0.1.0/go.mod h1:izF+9K0gGzFC9zERn6Po37v46eLdPB+EIsDjL3GLk+U=
github.com/luxfi/utils v1.1.0 h1:ti7HvjNwJd4ILDMERJtOAWE9mF8l+zqDVkgWnF7Agic=
github.com/luxfi/utils v1.1.0/go.mod h1:ABqhBdGNig0CaDcnNYldv1byS0BTNi5IKPbJSPF1p98=
github.com/luxfi/zmq/v4 v4.2.3/go.mod h1:naL5DrI3x3GFuMhH5XG1zj5oqsBH46znVfIPhcRyOYc=
github.com/mr-tron/base58 v1.2.0 h1:T/HDJBh4ZCPbU39/+c3rRvE0uKBQlU27+QI8LJ4t64o=
github.com/mr-tron/base58 v1.2.0/go.mod h1:BinMc/sQntlIE1frQmRFPUoPA1Zkr8VRgBdjWI2mNwc=
github.com/tilinna/z85 v1.0.0 h1:uqFnJBlD01dosSeo5sK1G1YGbPuwqVHqR+12OJDRjUw=
github.com/tilinna/z85 v1.0.0/go.mod h1:EfpFU/DUY4ddEy6CRvk2l+UQNEzHbh+bqBQS+04Nkxs=
go.uber.org/mock v0.6.0 h1:hyF9dfmbgIX5EfOdasqLsWD6xqpNZlXblLB/Dbnwv3Y=
go.uber.org/mock v0.6.0/go.mod h1:KiVJ4BqZJaMj4svdfmHM0AUx4NJYO8ZNpPnZn1Z+BBU=
golang.org/x/crypto v0.49.0 h1:+Ng2ULVvLHnJ/ZFEq4KdcDd/cfjrrjjNSXNzxg0Y4U4=
golang.org/x/crypto v0.49.0/go.mod h1:ErX4dUh2UM+CFYiXZRTcMpEcN8b/1gxEuv3nODoYtCA=
golang.org/x/sync v0.20.0 h1:e0PTpb7pjO8GAtTs2dQ6jYa5BWYlMuX047Dco/pItO4=
golang.org/x/sync v0.20.0/go.mod h1:9xrNwdLfx4jkKbNva9FpL6vEN7evnE43NNNJQ2LF3+0=
golang.org/x/sys v0.42.0 h1:omrd2nAlyT5ESRdCLYdm3+fMfNFE/+Rf4bDIQImRJeo=
golang.org/x/sys v0.42.0/go.mod h1:4GL1E5IUh+htKOUEOaiffhrAeqysfVGipDYzABqnCmw=
golang.org/x/text v0.35.0 h1:JOVx6vVDFokkpaq1AEptVzLTpDe9KGpj5tR4/X+ybL8=
golang.org/x/text v0.35.0/go.mod h1:khi/HExzZJ2pGnjenulevKNX1W67CUy0AsXcNubPGCA=
