github.com/cloudflare/circl v1.6.3 h1:9GPOhQGF9MCYUeXyMYlqTR6a5gTrgR/fBLXvUgtVcg8=
github.com/cloudflare/circl v1.6.3/go.mod h1:2eXP6Qfat4O/Yhh8BznvKnJ+uzEoTQ6jVKJRn81BiS4=
github.com/luxfi/crypto v1.17.39 h1:dDmktYOD/sU6WjIpitIfuHp7mRbc3izOsyJrQ1c5eOQ=
github.com/luxfi/crypto v1.17.39/go.mod h1:mChLWmW4CLR1wAN6CeJTveCzUv0DTzGQnYgq01x3W0U=
github.com/luxfi/czmq/v4 v4.2.0 h1:WCjCLg5b6RDIaATjmFbnMPXLLqjer35NWw44rT3/ubw=
github.com/luxfi/czmq/v4 v4.2.0/go.mod h1:WFY9ldUbeU900P8bcIRr7Jim23veOhJL5A5zSpTogdU=
github.com/luxfi/zmq/v4 v4.2.3 h1:9nfkxxC8kAcfCnbeDQ+77X7V3qzfSIdAWMeT4zo5w4U=
github.com/luxfi/zmq/v4 v4.2.3/go.mod h1:naL5DrI3x3GFuMhH5XG1zj5oqsBH46znVfIPhcRyOYc=
github.com/tilinna/z85 v1.0.0 h1:uqFnJBlD01dosSeo5sK1G1YGbPuwqVHqR+12OJDRjUw=
github.com/tilinna/z85 v1.0.0/go.mod h1:EfpFU/DUY4ddEy6CRvk2l+UQNEzHbh+bqBQS+04Nkxs=
golang.org/x/crypto v0.47.0 h1:V6e3FRj+n4dbpw86FJ8Fv7XVOql7TEwpHapKoMJ/GO8=
golang.org/x/crypto v0.47.0/go.mod h1:ff3Y9VzzKbwSSEzWqJsJVBnWmRwRSHt/6Op5n9bQc4A=
golang.org/x/sync v0.19.0 h1:vV+1eWNmZ5geRlYjzm2adRgW2/mcpevXNg50YZtPCE4=
golang.org/x/sync v0.19.0/go.mod h1:9KTHXmSnoGruLpwFjVSX0lNNA75CykiMECbovNTZqGI=
golang.org/x/sys v0.40.0 h1:DBZZqJ2Rkml6QMQsZywtnjnnGvHza6BTfYFWY9kjEWQ=
golang.org/x/sys v0.40.0/go.mod h1:OgkHotnGiDImocRcuBABYBEXf8A9a87e/uXjp9XT3ks=
golang.org/x/text v0.33.0 h1:B3njUFyqtHDUI5jMn1YIr5B0IE2U0qck04r6d4KPAxE=
golang.org/x/text v0.33.0/go.mod h1:LuMebE6+rBincTi9+xWTY8TztLzKHc/9C1uBCG27+q8=
